{
  "name": "org.apache.cordova",
  "version": "1.0.0",
  "lockfileVersion": 2,
  "requires": true,
  "packages": {
    "": {
      "name": "org.apache.cordova",
      "version": "1.0.0",
      "license": "Apache-2.0",
      "devDependencies": {
        "cordova-plugin-battery-status": "^2.0.3"
      }
    },
    "node_modules/cordova-plugin-battery-status": {
      "version": "2.0.3",
      "resolved": "https://registry.npmjs.org/cordova-plugin-battery-status/-/cordova-plugin-battery-status-2.0.3.tgz",
      "integrity": "sha512-H1vSLWbDb/qivGPVV/sjAaDnF8VEoa1uOYdrTJpYrs9vRAe3S37y8Fa5LoBuKkspWiQ5P3D8q+iTnsPF0UAO7g==",
      "dev": true,
      "engines": {
        "cordovaDependencies": {
          "3.0.0": {
            "cordova": ">100"
          }
        }
      }
    }
  },
  "dependencies": {
    "cordova-plugin-battery-status": {
      "version": "2.0.3",
      "resolved": "https://registry.npmjs.org/cordova-plugin-battery-status/-/cordova-plugin-battery-status-2.0.3.tgz",
      "integrity": "sha512-H1vSLWbDb/qivGPVV/sjAaDnF8VEoa1uOYdrTJpYrs9vRAe3S37y8Fa5LoBuKkspWiQ5P3D8q+iTnsPF0UAO7g==",
      "dev": true
    }
  }
}
